# This file is automatically @generated by Poetry 2.2.1 and should not be changed by hand.

[[package]]
name = "ephem"
version = "4.2.1"
description = "Compute positions of the planets and stars"
optional = false
python-versions = "*"
groups = ["main"]
files = [
    {file = "ephem-4.2.1-cp27-cp27m-manylinux2010_i686.whl", hash = "sha256:e03b1322fe021ff3f3adc04d9bb3528ae85acb2d4d51620f43969ad47ccb03e7"},
    {file = "ephem-4.2.1-cp27-cp27m-manylinux2010_x86_64.whl", hash = "sha256:1164ff1283061b1ecc9d4d4e270c537dccbda3f5662b0f9b7e9d331fe8fdcef1"},
    {file = "ephem-4.2.1-cp27-cp27mu-manylinux2010_i686.whl", hash = "sha256:25981ae9471f28bf0cbed5d582111307e814df1a91fd3c33f6fa77a0fdfa9579"},
    {file = "ephem-4.2.1-cp27-cp27mu-manylinux2010_x86_64.whl", hash = "sha256:0727ad6362455487623a5c5753938d116c7bd633ffbd1246b9e3afe1e68dffa6"},
    {file = "ephem-4.2.1-cp310-cp310-macosx_10_9_x86_64.whl", hash = "sha256:0d755cd3b3440dc862606997c5860e9e92c5bbede1cb16de517189868cd0431b"},
    {file = "ephem-4.2.1-cp310-cp310-macosx_11_0_arm64.whl", hash = "sha256:1c63829dc50343f98d67c5e8772efce16d1793a5a5dfd908bc7d59482a4c3689"},
    {file = "ephem-4.2.1-cp310-cp310-manylinux2010_i686.manylinux_2_12_i686.manylinux_2_28_i686.whl", hash = "sha256:82946e302c9cfbf304ef39b48de9ac2957a903061591f2c104d43813566c7595"},
    {file = "ephem-4.2.1-cp310-cp310-manylinux2014_aarch64.manylinux_2_17_aarch64.manylinux_2_28_aarch64.whl", hash = "sha256:480a0b779ab6e8349aed3b0f8b3a4e0977d10c141dff1ee449efa1cffe504516"},
    {file = "ephem-4.2.1-cp310-cp310-manylinux2014_s390x.manylinux_2_17_s390x.manylinux_2_28_s390x.whl", hash = "sha256:9fa0469ef7ba9a44f6cf98a84f94b6ba196a31a1dd586cb56e3b0fd491eb1222"},
    {file = "ephem-4.2.1-cp310-cp310-manylinux2014_x86_64.manylinux_2_17_x86_64.manylinux_2_28_x86_64.whl", hash = "sha256:41e2f841e466df9310bd36a40e2870aa8fa11c3095bbd9046dceee9043642688"},
    {file = "ephem-4.2.1-cp310-cp310-musllinux_1_2_aarch64.whl", hash = "sha256:75e705b6fa2357ddca2f8c9822d7dd5151ea57abf824686069823995f601c8cb"},
    {file = "ephem-4.2.1-cp310-cp310-musllinux_1_2_i686.whl", hash = "sha256:d2a691c9fcf91d1c89d79543f497db0961e40bb9bdaef67d29b3002f18fe48f1"},
    {file = "ephem-4.2.1-cp310-cp310-musllinux_1_2_s390x.whl", hash = "sha256:de6ba146da398f84e32f8e43ed77d3b58a8482fbc91065f02eb35e30452ad602"},
    {file = "ephem-4.2.1-cp310-cp310-musllinux_1_2_x86_64.whl", hash = "sha256:314d12bd7c0bea470592a93acb39c2d3e0ce655f20a64504551868d0f54a71f6"},
    {file = "ephem-4.2.1-cp310-cp310-win32.whl", hash = "sha256:f731e789a707eff92c23aa766dbab879ca7db014ecb552685211dfd44a05c173"},
    {file = "ephem-4.2.1-cp310-cp310-win_amd64.whl", hash = "sha256:5f6db070bbe97e5a20bce35784187bc8b3e83a8b503e5dab603734f742873a4d"},
    {file = "ephem-4.2.1-cp311-cp311-macosx_10_9_x86_64.whl", hash = "sha256:2712e8b855506a47acb9dfb5b57a4dff2336ec398a336b83b75a6357a8a41d90"},
    {file = "ephem-4.2.1-cp311-cp311-macosx_11_0_arm64.whl", hash = "sha256:1c2c173a9757bd25393b7d32a0865fbe85b337e0f83d26244a91b38da423e117"},
    {file = "ephem-4.2.1-cp311-cp311-manylinux2010_i686.manylinux_2_12_i686.manylinux_2_28_i686.whl", hash = "sha256:e75c418c0f729a62f0eb3036cf502c038be16ac896e721021e4caebbe6b65392"},
    {file = "ephem-4.2.1-cp311-cp311-manylinux2014_aarch64.manylinux_2_17_aarch64.manylinux_2_28_aarch64.whl", hash = "sha256:bded885b77693998500bedb2c67e89b5947f53505eed6567c9aafad9d5434139"},
    {file = "ephem-4.2.1-cp311-cp311-manylinux2014_s390x.manylinux_2_17_s390x.manylinux_2_28_s390x.whl", hash = "sha256:2b122062a85b5fdb862a9e2b7eaf5fe7206356fe72b49041354398494bf8adde"},
    {file = "ephem-4.2.1-cp311-cp311-manylinux2014_x86_64.manylinux_2_17_x86_64.manylinux_2_28_x86_64.whl", hash = "sha256:b89e5dc7f10ac5f3042d2ebd3de1f33f315d9c1919481ebad308bf5c0915eef3"},
    {file = "ephem-4.2.1-cp311-cp311-musllinux_1_2_aarch64.whl", hash = "sha256:bbc30121a967ea101f26d2367fe1d323e18872ddc7e1ddf8125c379554005ec7"},
    {file = "ephem-4.2.1-cp311-cp311-musllinux_1_2_i686.whl", hash = "sha256:2b9109cb292f3eaadbb9a47ccca136ea5a4717bb8c4374597b4119ce7a3f593e"},
    {file = "ephem-4.2.1-cp311-cp311-musllinux_1_2_s390x.whl", hash = "sha256:c65beca42cb406875f8b2df0294544615320654b69494485f16fb986ba223cb9"},
    {file = "ephem-4.2.1-cp311-cp311-musllinux_1_2_x86_64.whl", hash = "sha256:ff2d504ccc229b633443fe6fe7e3a806cf7eabac5a1d3d68e25b753a4b9b8217"},
    {file = "ephem-4.2.1-cp311-cp311-win32.whl", hash = "sha256:af5b8cb5509f61f874c8429da0b5e4a420be60b99cd5ceb21d6938d948ccb718"},
    {file = "ephem-4.2.1-cp311-cp311-win_amd64.whl", hash = "sha256:42f298da8ce31c541ed0bf1c680d0b53015859bc3a8a99551b880b510bc8cac6"},
    {file = "ephem-4.2.1-cp312-cp312-macosx_10_13_x86_64.whl", hash = "sha256:de9b0ed3836f4b2765e0556058e0dcc595c8226f7aa9d0f04f09b5775b792525"},
    {file = "ephem-4.2.1-cp312-cp312-macosx_11_0_arm64.whl", hash = "sha256:0017a0ff0eac2632943d37b9f12cfea65062e9dc0b3476d17a11319409f0b82f"},
    {file = "ephem-4.2.1-cp312-cp312-manylinux2010_i686.manylinux_2_12_i686.manylinux_2_28_i686.whl", hash = "sha256:f3ee0fdb7a0c19d0d4d6043f3f52f216fcf38619783c4ffad285f8f71ec26cd9"},
    {file = "ephem-4.2.1-cp312-cp312-manylinux2014_aarch64.manylinux_2_17_aarch64.manylinux_2_28_aarch64.whl", hash = "sha256:17c09bc88fca62284bd5f055dc3fcad8a5fc38de35f59f451ade82761512a45f"},
    {file = "ephem-4.2.1-cp312-cp312-manylinux2014_s390x.manylinux_2_17_s390x.manylinux_2_28_s390x.whl", hash = "sha256:dd8ec19883545c7ff97fab95035862c37827723eae7135e6d78c32d3ac1b413b"},
    {file = "ephem-4.2.1-cp312-cp312-manylinux2014_x86_64.manylinux_2_17_x86_64.manylinux_2_28_x86_64.whl", hash = "sha256:f16ed34b60056eeae3d8afc78ec528981d5a90977e1bc734b9308279eb016791"},
    {file = "ephem-4.2.1-cp312-cp312-musllinux_1_2_aarch64.whl", hash = "sha256:5df38b498eaa779385f2422263af0f9688120dee4daddb47f58a03ffd3eaac56"},
    {file = "ephem-4.2.1-cp312-cp312-musllinux_1_2_i686.whl", hash = "sha256:bd1927af82de44f0c6d6690c3d6ec3a57a619ecdba20706480ffd2b65ee59bec"},
    {file = "ephem-4.2.1-cp312-cp312-musllinux_1_2_s390x.whl", hash = "sha256:05a216cbb739de6c412f447da32f5f613d15c582424dd07d5341cda798cb80f1"},
    {file = "ephem-4.2.1-cp312-cp312-musllinux_1_2_x86_64.whl", hash = "sha256:9bbda62115c9d1c2d967b6b3b80d4ab3b2c7662c2dfd587ba50fc55a6c48aa80"},
    {file = "ephem-4.2.1-cp312-cp312-win32.whl", hash = "sha256:979b2ef09eb29674ca2742124c1ffc231dcbbcb0fcc7f312b5e70cb7e43a62fc"},
    {file = "ephem-4.2.1-cp312-cp312-win_amd64.whl", hash = "sha256:c35502ba6c87cf1d3ff7ecd3690fadeea39583ef783d7d365037b385d3d72eb0"},
    {file = "ephem-4.2.1-cp313-cp313-macosx_10_13_x86_64.whl", hash = "sha256:19ad36d7a5bf63cd424576ff392d7bd9bf579d903b14ecd98173d577a51051e1"},
    {file = "ephem-4.2.1-cp313-cp313-macosx_11_0_arm64.whl", hash = "sha256:458637fd487cdc897a86912089086161f042c3525a268245490565255bcf46a0"},
    {file = "ephem-4.2.1-cp313-cp313-manylinux2010_i686.manylinux_2_12_i686.manylinux_2_28_i686.whl", hash = "sha256:b99bdfa5372d83f43c052c845c05260e9355824dc0a88bbb0b9b4bdd438305fc"},
    {file = "ephem-4.2.1-cp313-cp313-manylinux2014_aarch64.manylinux_2_17_aarch64.manylinux_2_28_aarch64.whl", hash = "sha256:9ae26bc5abc4073edf6898e5969f3e7b77c47d3c88521177cb3df14fe8963259"},
    {file = "ephem-4.2.1-cp313-cp313-manylinux2014_s390x.manylinux_2_17_s390x.manylinux_2_28_s390x.whl", hash = "sha256:078894d72e38cfaee8d00959d6720506af61c0fba5ef42f9e2ea1528296a4320"},
    {file = "ephem-4.2.1-cp313-cp313-manylinux2014_x86_64.manylinux_2_17_x86_64.manylinux_2_28_x86_64.whl", hash = "sha256:3b37ef161ca287f025c7c299b612fbb7e83530840c938d06a61fcd7889a66db5"},
    {file = "ephem-4.2.1-cp313-cp313-musllinux_1_2_aarch64.whl", hash = "sha256:5e9934d309fb3c6d79373259b2a9fc71874a512b90d61523e334720805b6fa5c"},
    {file = "ephem-4.2.1-cp313-cp313-musllinux_1_2_i686.whl", hash = "sha256:5530ca3c85a22d31838844427b96abcbe96da6048b6e83a675a5bcc23e5af43c"},
    {file = "ephem-4.2.1-cp313-cp313-musllinux_1_2_s390x.whl", hash = "sha256:61e38e2affe676fc9f9a8fbd4f575f05ca7db4f87a6e5fc589a09c14fe68850e"},
    {file = "ephem-4.2.1-cp313-cp313-musllinux_1_2_x86_64.whl", hash = "sha256:46427d35a2fbf4a95fcf6de9d36dc0a29e49b96a63654856285f0262c4082fc7"},
    {file = "ephem-4.2.1-cp313-cp313-win32.whl", hash = "sha256:a075014299467d29598019fb11972a8f3f476d28962987231b24a234ea8764f2"},
    {file = "ephem-4.2.1-cp313-cp313-win_amd64.whl", hash = "sha256:f22a797ab3658f5f1ae56dd32627e9ef4766aa3e9dbddc817cbb2741893a8a28"},
    {file = "ephem-4.2.1-cp314-cp314-macosx_10_15_x86_64.whl", hash = "sha256:6aa46747d0866afcaf64c25855546ecbeccb58456a93b368c963a8e18e414794"},
    {file = "ephem-4.2.1-cp314-cp314-macosx_11_0_arm64.whl", hash = "sha256:8339dcc7187c99b169d3b0f650b9e1f1047f6d7687bda025acbdeb049ae3e9a2"},
    {file = "ephem-4.2.1-cp314-cp314-manylinux2010_i686.manylinux_2_12_i686.manylinux_2_28_i686.whl", hash = "sha256:560a417a4252f4c77a8ebc325a081c684f24c2287f82579ee4eb62d382dcfa89"},
    {file = "ephem-4.2.1-cp314-cp314-manylinux2014_aarch64.manylinux_2_17_aarch64.manylinux_2_28_aarch64.whl", hash = "sha256:9ce6b0b076b18e9b7a7a9ff5f37573455849079ec232eae0419c172304e7d2aa"},
    {file = "ephem-4.2.1-cp314-cp314-manylinux2014_s390x.manylinux_2_17_s390x.manylinux_2_28_s390x.whl", hash = "sha256:ec91aa7735a10bfd8a4f79afb39567500483a1b5812a3ba675fb10abb5aa95d1"},
    {file = "ephem-4.2.1-cp314-cp314-manylinux2014_x86_64.manylinux_2_17_x86_64.manylinux_2_28_x86_64.whl", hash = "sha256:3610fd501549fe8e29417ecd9fecdbe19e1bc416bd76ee24e40ae81ce3049760"},
    {file = "ephem-4.2.1-cp314-cp314-musllinux_1_2_aarch64.whl", hash = "sha256:27b8d6893cc47765ab55b2eb4f4bad97b8ffa844ff6b67b0dcad44e48d0b6e77"},
    {file = "ephem-4.2.1-cp314-cp314-musllinux_1_2_i686.whl", hash = "sha256:e29c7aabcc32af070d99fd7a2268e7c854d7b68df3414133b5581eb9996939ce"},
    {file = "ephem-4.2.1-cp314-cp314-musllinux_1_2_s390x.whl", hash = "sha256:b831567c5db7b101e9e647cfac38da458f48b4c66bee949cff11a875f260d153"},
    {file = "ephem-4.2.1-cp314-cp314-musllinux_1_2_x86_64.whl", hash = "sha256:7359e573798357318738f628660946e4cee89f39e84940264e428504d541921b"},
    {file = "ephem-4.2.1-cp314-cp314-win32.whl", hash = "sha256:c0bc8c928b7ef10167b7a2f2f20c7ee079c3b988b9a3a943bda123949acef79f"},
    {file = "ephem-4.2.1-cp314-cp314-win_amd64.whl", hash = "sha256:936d7a8745fbb18869e238d541f027cd7fc086e3fdfb826cb76fcfb4bed3e35a"},
    {file = "ephem-4.2.1-cp314-cp314t-macosx_10_15_x86_64.whl", hash = "sha256:1e5806b5a633fb25480486d5419604e82a6932f9f9e6855f1e07da852b8de570"},
    {file = "ephem-4.2.1-cp314-cp314t-macosx_11_0_arm64.whl", hash = "sha256:5ad67a86ffeeda5173d88b04b9477b5ca3e78331acc168a084d18779452c0f7a"},
    {file = "ephem-4.2.1-cp314-cp314t-manylinux2010_i686.manylinux_2_12_i686.manylinux_2_28_i686.whl", hash = "sha256:2b8792e60114a07253160e81b63f28b3c021f4a5dfbee91a6db526965bdc039f"},
    {file = "ephem-4.2.1-cp314-cp314t-manylinux2014_aarch64.manylinux_2_17_aarch64.manylinux_2_28_aarch64.whl", hash = "sha256:7812f16600ecec6d7b21194a38948ea3a0c406332481375e735924a3f82f5e29"},
    {file = "ephem-4.2.1-cp314-cp314t-manylinux2014_s390x.manylinux_2_17_s390x.manylinux_2_28_s390x.whl", hash = "sha256:e020cb6976ff3badb303bc55026366fa3886280f15f6d4d46c52fa36356fe16b"},
    {file = "ephem-4.2.1-cp314-cp314t-manylinux2014_x86_64.manylinux_2_17_x86_64.manylinux_2_28_x86_64.whl", hash = "sha256:788e61fa779c54e6dd745f57adaeeff14eda2b8dd737ef578af6ac8415d31a48"},
    {file = "ephem-4.2.1-cp314-cp314t-musllinux_1_2_aarch64.whl", hash = "sha256:e8c6598443375f119c9f7c586f3198c6ac60a38bac3fbc08781c55c8e102cbba"},
    {file = "ephem-4.2.1-cp314-cp314t-musllinux_1_2_i686.whl", hash = "sha256:d62cea09046153052cc15c85938fadf7648a7c8b1133d729b76f20d4cabcfefc"},
    {file = "ephem-4.2.1-cp314-cp314t-musllinux_1_2_s390x.whl", hash = "sha256:bfdcc68b2a5ac84305d792ca8ffac23bed0b5be21edbf45b33dd00423f7a6fdb"},
    {file = "ephem-4.2.1-cp314-cp314t-musllinux_1_2_x86_64.whl", hash = "sha256:15bc51d5c926b65ec15742042de79f6181a979809a6f9da1bd8d6abfb23415b7"},
    {file = "ephem-4.2.1-cp314-cp314t-win32.whl", hash = "sha256:ce86665355d88e4e7ccc3b9e9c74905a2c6ad51c27433e5c98371a7ea38ad502"},
    {file = "ephem-4.2.1-cp314-cp314t-win_amd64.whl", hash = "sha256:c4e6e15dc6ccc22504e27aea58a06f8308fd7eb007947d16dfcea6a3aec28b4d"},
    {file = "ephem-4.2.1-cp38-cp38-macosx_10_9_x86_64.whl", hash = "sha256:c6553b686d73b8c033bf847d83b0f0a23db0152d28bce4e8b644d2862f1f997d"},
    {file = "ephem-4.2.1-cp38-cp38-macosx_11_0_arm64.whl", hash = "sha256:c2e7c256b439e2c92e8f6c8b8e14b28f4f851c085be57db7b093a54341c1d16d"},
    {file = "ephem-4.2.1-cp38-cp38-manylinux2010_i686.manylinux_2_12_i686.manylinux_2_28_i686.whl", hash = "sha256:6a04879c8573283ed44e8354cf273a7ec88a29942f247b7c60350ca60bee860d"},
    {file = "ephem-4.2.1-cp38-cp38-manylinux2014_aarch64.manylinux_2_17_aarch64.manylinux_2_28_aarch64.whl", hash = "sha256:605ca34fed6820b1c9e65b740ccd2a59cc50b9bad35a946771accf15f7dbd3af"},
    {file = "ephem-4.2.1-cp38-cp38-manylinux2014_s390x.manylinux_2_17_s390x.manylinux_2_28_s390x.whl", hash = "sha256:6de252dbe164553987b250625654236442cb596d9c670f657b6c0393cd87372d"},
    {file = "ephem-4.2.1-cp38-cp38-manylinux2014_x86_64.manylinux_2_17_x86_64.manylinux_2_28_x86_64.whl", hash = "sha256:5bffbab61422421a868eb2c89a08ee507fc7fad4b22d80379f006e3b3b214bd2"},
    {file = "ephem-4.2.1-cp38-cp38-musllinux_1_2_aarch64.whl", hash = "sha256:98254b3234936bc63c2dfe16677f1bb728d1cd72ef6f3fc5bc44025b29707395"},
    {file = "ephem-4.2.1-cp38-cp38-musllinux_1_2_i686.whl", hash = "sha256:bd626d402d167d1e8716a234d6b5a55a93bc237c77921aeda3c03c3135d7c693"},
    {file = "ephem-4.2.1-cp38-cp38-musllinux_1_2_s390x.whl", hash = "sha256:6fa6ab31f278f95d415cbdc32d9560f694ad91690699f323982bb3a25e8a75d7"},
    {file = "ephem-4.2.1-cp38-cp38-musllinux_1_2_x86_64.whl", hash = "sha256:4b11808f61b2da4c8957a8975d498426df780874839df43b222d48a32d7f194f"},
    {file = "ephem-4.2.1-cp38-cp38-win32.whl", hash = "sha256:217d75ebac6c78adc69878fa66923286397b35c4d7b5cdd44af5bd995d817689"},
    {file = "ephem-4.2.1-cp38-cp38-win_amd64.whl", hash = "sha256:4d303ce7030fc7b620ba251d2be5bb9928c649151b181bf111c8003e180e7ed8"},
    {file = "ephem-4.2.1-cp39-cp39-macosx_10_9_x86_64.whl", hash = "sha256:5f2526845bb39e4337170076a82331efcaeafbb7f632c6810167c93579c6576d"},
    {file = "ephem-4.2.1-cp39-cp39-macosx_11_0_arm64.whl", hash = "sha256:5174d39d567e255eb44253d59cc1ca8b50188461c37cdeaf3a6767e4a24445e7"},
    {file = "ephem-4.2.1-cp39-cp39-manylinux2010_i686.manylinux_2_12_i686.manylinux_2_28_i686.whl", hash = "sha256:3dd9d0af5b87b72b04a3eeff7d5118664118dd7ddde0ac3ed210c8dd03d33f35"},
    {file = "ephem-4.2.1-cp39-cp39-manylinux2014_aarch64.manylinux_2_17_aarch64.manylinux_2_28_aarch64.whl", hash = "sha256:8de6060032b1c8a3f639c1002bd3b8ca1bf5c01deb20ce4bb2cdba99e553d29b"},
    {file = "ephem-4.2.1-cp39-cp39-manylinux2014_s390x.manylinux_2_17_s390x.manylinux_2_28_s390x.whl", hash = "sha256:d28cec10f15f292a64f4d3f4f16add25335f70326694b0319e5f9259475940c8"},
    {file = "ephem-4.2.1-cp39-cp39-manylinux2014_x86_64.manylinux_2_17_x86_64.manylinux_2_28_x86_64.whl", hash = "sha256:51bf6de2bade5821a2c6a2e18791c53e3978b44aa0e5da70ab57ea8aca333bdc"},
    {file = "ephem-4.2.1-cp39-cp39-musllinux_1_2_aarch64.whl", hash = "sha256:0fcb909761e77ac17c22395030802a173483cd8110a52848cbca37246b370c4f"},
    {file = "ephem-4.2.1-cp39-cp39-musllinux_1_2_i686.whl", hash = "sha256:dec16457e979f754c5e2d0a068d0e293447398f678bcebe32cfb3c02ba416726"},
    {file = "ephem-4.2.1-cp39-cp39-musllinux_1_2_s390x.whl", hash = "sha256:2101a4a45cf7fe72cdbe96dddc0b0294fd75b9750c565d95b520358faa6cbb5a"},
    {file = "ephem-4.2.1-cp39-cp39-musllinux_1_2_x86_64.whl", hash = "sha256:b10ae08af8ce2bc24b475d47330fbfde84c3000dc2b506db341229237a8617bc"},
    {file = "ephem-4.2.1-cp39-cp39-win32.whl", hash = "sha256:591f23dc47dec7e47ddf30caea92c0c2f7121c957c73b42299a1d50040d4d00a"},
    {file = "ephem-4.2.1-cp39-cp39-win_amd64.whl", hash = "sha256:63c5fb86653cfc6319417a0d48f8905c319a07a8f1c8a9cf95f3ad5b5e448e12"},
    {file = "ephem-4.2.1.tar.gz", hash = "sha256:920cb30369c79fde1088c2060d555ea5f8a50fdc80a9265832fd5bf195cf147f"},
]

[metadata]
lock-version = "2.1"
python-versions = "^3.10"
content-hash = "48a9dec3b3bb4a1c6c97515a9f6480461944f8ba18d263ad5585f1f6c064b0e6"
